
Microsoft Visual Studio Solution File, Format Version 12.00
# Visual Studio Version 17
VisualStudioVersion = 17.5.002.0
MinimumVisualStudioVersion = 10.0.40219.1
Project("{9A19103F-16F7-4668-BE54-9A1E7A4F7556}") = "foundamentals2", "foundamentals2.csproj", "{23EBBC3B-3B0A-4D73-B2E3-30DA3D98C5ED}"
EndProject
Global
	GlobalSection(SolutionConfigurationPlatforms) = preSolution
		Debug|Any CPU = Debug|Any CPU
		Release|Any CPU = Release|Any CPU
	EndGlobalSection
	GlobalSection(ProjectConfigurationPlatforms) = postSolution
		{23EBBC3B-3B0A-4D73-B2E3-30DA3D98C5ED}.Debug|Any CPU.ActiveCfg = Debug|Any CPU
		{23EBBC3B-3B0A-4D73-B2E3-30DA3D98C5ED}.Debug|Any CPU.Build.0 = Debug|Any CPU
		{23EBBC3B-3B0A-4D73-B2E3-30DA3D98C5ED}.Release|Any CPU.ActiveCfg = Release|Any CPU
		{23EBBC3B-3B0A-4D73-B2E3-30DA3D98C5ED}.Release|Any CPU.Build.0 = Release|Any CPU
	EndGlobalSection
	GlobalSection(SolutionProperties) = preSolution
		HideSolutionNode = FALSE
	EndGlobalSection
	GlobalSection(ExtensibilityGlobals) = postSolution
		SolutionGuid = {5EAA7F1B-9639-4493-BE9C-B9011CB99FBF}
	EndGlobalSection
EndGlobal
