
Microsoft Visual Studio Solution File, Format Version 12.00
# Visual Studio Version 17
VisualStudioVersion = 17.5.002.0
MinimumVisualStudioVersion = 10.0.40219.1
Project("{9A19103F-16F7-4668-BE54-9A1E7A4F7556}") = "gamedeveloper", "gamedeveloper.csproj", "{516F8171-FEAB-423F-8377-44ABD2F7E687}"
EndProject
Global
	GlobalSection(SolutionConfigurationPlatforms) = preSolution
		Debug|Any CPU = Debug|Any CPU
		Release|Any CPU = Release|Any CPU
	EndGlobalSection
	GlobalSection(ProjectConfigurationPlatforms) = postSolution
		{516F8171-FEAB-423F-8377-44ABD2F7E687}.Debug|Any CPU.ActiveCfg = Debug|Any CPU
		{516F8171-FEAB-423F-8377-44ABD2F7E687}.Debug|Any CPU.Build.0 = Debug|Any CPU
		{516F8171-FEAB-423F-8377-44ABD2F7E687}.Release|Any CPU.ActiveCfg = Release|Any CPU
		{516F8171-FEAB-423F-8377-44ABD2F7E687}.Release|Any CPU.Build.0 = Release|Any CPU
	EndGlobalSection
	GlobalSection(SolutionProperties) = preSolution
		HideSolutionNode = FALSE
	EndGlobalSection
	GlobalSection(ExtensibilityGlobals) = postSolution
		SolutionGuid = {70D85B0B-5BDE-4840-BBC2-6B0D03E1DA0F}
	EndGlobalSection
EndGlobal
