
Microsoft Visual Studio Solution File, Format Version 12.00
# Visual Studio Version 17
VisualStudioVersion = 17.5.002.0
MinimumVisualStudioVersion = 10.0.40219.1
Project("{9A19103F-16F7-4668-BE54-9A1E7A4F7556}") = "cruddelicius", "cruddelicius.csproj", "{0367D111-DB20-4FFA-8B64-2D2E13E41CCC}"
EndProject
Global
	GlobalSection(SolutionConfigurationPlatforms) = preSolution
		Debug|Any CPU = Debug|Any CPU
		Release|Any CPU = Release|Any CPU
	EndGlobalSection
	GlobalSection(ProjectConfigurationPlatforms) = postSolution
		{0367D111-DB20-4FFA-8B64-2D2E13E41CCC}.Debug|Any CPU.ActiveCfg = Debug|Any CPU
		{0367D111-DB20-4FFA-8B64-2D2E13E41CCC}.Debug|Any CPU.Build.0 = Debug|Any CPU
		{0367D111-DB20-4FFA-8B64-2D2E13E41CCC}.Release|Any CPU.ActiveCfg = Release|Any CPU
		{0367D111-DB20-4FFA-8B64-2D2E13E41CCC}.Release|Any CPU.Build.0 = Release|Any CPU
	EndGlobalSection
	GlobalSection(SolutionProperties) = preSolution
		HideSolutionNode = FALSE
	EndGlobalSection
	GlobalSection(ExtensibilityGlobals) = postSolution
		SolutionGuid = {05B64AF7-D876-49F0-B688-35CAC1B997D2}
	EndGlobalSection
EndGlobal
