
Microsoft Visual Studio Solution File, Format Version 12.00
# Visual Studio Version 17
VisualStudioVersion = 17.5.002.0
MinimumVisualStudioVersion = 10.0.40219.1
Project("{9A19103F-16F7-4668-BE54-9A1E7A4F7556}") = "DojoSurveyValidation", "DojoSurveyValidation.csproj", "{50D5490E-0A46-4E02-969C-73786CCDFB2B}"
EndProject
Global
	GlobalSection(SolutionConfigurationPlatforms) = preSolution
		Debug|Any CPU = Debug|Any CPU
		Release|Any CPU = Release|Any CPU
	EndGlobalSection
	GlobalSection(ProjectConfigurationPlatforms) = postSolution
		{50D5490E-0A46-4E02-969C-73786CCDFB2B}.Debug|Any CPU.ActiveCfg = Debug|Any CPU
		{50D5490E-0A46-4E02-969C-73786CCDFB2B}.Debug|Any CPU.Build.0 = Debug|Any CPU
		{50D5490E-0A46-4E02-969C-73786CCDFB2B}.Release|Any CPU.ActiveCfg = Release|Any CPU
		{50D5490E-0A46-4E02-969C-73786CCDFB2B}.Release|Any CPU.Build.0 = Release|Any CPU
	EndGlobalSection
	GlobalSection(SolutionProperties) = preSolution
		HideSolutionNode = FALSE
	EndGlobalSection
	GlobalSection(ExtensibilityGlobals) = postSolution
		SolutionGuid = {BBD65407-2CAE-4268-9B44-3FE958DF1F91}
	EndGlobalSection
EndGlobal
