
Microsoft Visual Studio Solution File, Format Version 12.00
# Visual Studio Version 17
VisualStudioVersion = 17.5.002.0
MinimumVisualStudioVersion = 10.0.40219.1
Project("{9A19103F-16F7-4668-BE54-9A1E7A4F7556}") = "loginreg", "loginreg.csproj", "{D0180E14-39A6-4237-BA50-DF271C40DE30}"
EndProject
Global
	GlobalSection(SolutionConfigurationPlatforms) = preSolution
		Debug|Any CPU = Debug|Any CPU
		Release|Any CPU = Release|Any CPU
	EndGlobalSection
	GlobalSection(ProjectConfigurationPlatforms) = postSolution
		{D0180E14-39A6-4237-BA50-DF271C40DE30}.Debug|Any CPU.ActiveCfg = Debug|Any CPU
		{D0180E14-39A6-4237-BA50-DF271C40DE30}.Debug|Any CPU.Build.0 = Debug|Any CPU
		{D0180E14-39A6-4237-BA50-DF271C40DE30}.Release|Any CPU.ActiveCfg = Release|Any CPU
		{D0180E14-39A6-4237-BA50-DF271C40DE30}.Release|Any CPU.Build.0 = Release|Any CPU
	EndGlobalSection
	GlobalSection(SolutionProperties) = preSolution
		HideSolutionNode = FALSE
	EndGlobalSection
	GlobalSection(ExtensibilityGlobals) = postSolution
		SolutionGuid = {428C5B6B-F895-400C-8066-03CA45CF3C8D}
	EndGlobalSection
EndGlobal
