
Microsoft Visual Studio Solution File, Format Version 12.00
# Visual Studio Version 17
VisualStudioVersion = 17.5.002.0
MinimumVisualStudioVersion = 10.0.40219.1
Project("{9A19103F-16F7-4668-BE54-9A1E7A4F7556}") = "Cruddelicius", "Cruddelicius.csproj", "{49DB3BB7-45A0-42D1-B114-57B437D29942}"
EndProject
Global
	GlobalSection(SolutionConfigurationPlatforms) = preSolution
		Debug|Any CPU = Debug|Any CPU
		Release|Any CPU = Release|Any CPU
	EndGlobalSection
	GlobalSection(ProjectConfigurationPlatforms) = postSolution
		{49DB3BB7-45A0-42D1-B114-57B437D29942}.Debug|Any CPU.ActiveCfg = Debug|Any CPU
		{49DB3BB7-45A0-42D1-B114-57B437D29942}.Debug|Any CPU.Build.0 = Debug|Any CPU
		{49DB3BB7-45A0-42D1-B114-57B437D29942}.Release|Any CPU.ActiveCfg = Release|Any CPU
		{49DB3BB7-45A0-42D1-B114-57B437D29942}.Release|Any CPU.Build.0 = Release|Any CPU
	EndGlobalSection
	GlobalSection(SolutionProperties) = preSolution
		HideSolutionNode = FALSE
	EndGlobalSection
	GlobalSection(ExtensibilityGlobals) = postSolution
		SolutionGuid = {C37804D2-1D13-4148-B679-FE0DD78FD8BB}
	EndGlobalSection
EndGlobal
